// !$*UTF8*$!
{
	archiveVersion = 1;
	classes = {
	};
	objectVersion = 46;
	objects = {

/* Begin PBXBuildFile section */
		75BCA884156F885500FC9981 /* UIKit.framework in Frameworks */ = {isa = PBXBuildFile; fileRef = 75BCA883156F885500FC9981 /* UIKit.framework */; };
		75BCA886156F885500FC9981 /* Foundation.framework in Frameworks */ = {isa = PBXBuildFile; fileRef = 75BCA885156F885500FC9981 /* Foundation.framework */; };
		75BCA888156F885500FC9981 /* CoreGraphics.framework in Frameworks */ = {isa = PBXBuildFile; fileRef = 75BCA887156F885500FC9981 /* CoreGraphics.framework */; };
		75BCA88E156F885500FC9981 /* InfoPlist.strings in Resources */ = {isa = PBXBuildFile; fileRef = 75BCA88C156F885500FC9981 /* InfoPlist.strings */; };
		75BCA890156F885500FC9981 /* main.m in Sources */ = {isa = PBXBuildFile; fileRef = 75BCA88F156F885500FC9981 /* main.m */; };
		75BCA894156F885500FC9981 /* AppDelegate.m in Sources */ = {isa = PBXBuildFile; fileRef = 75BCA893156F885500FC9981 /* AppDelegate.m */; };
		75BCA8A7156F88CB00FC9981 /* DrawingController.m in Sources */ = {isa = PBXBuildFile; fileRef = 75BCA8A1156F88CB00FC9981 /* DrawingController.m */; };
		75BCA8A8156F88CB00FC9981 /* DrawingController.xib in Resources */ = {isa = PBXBuildFile; fileRef = 75BCA8A2156F88CB00FC9981 /* DrawingController.xib */; };
		75BCA8A9156F88CB00FC9981 /* MyLineDrawingView.m in Sources */ = {isa = PBXBuildFile; fileRef = 75BCA8A4156F88CB00FC9981 /* MyLineDrawingView.m */; };
		75BCA8AA156F88CB00FC9981 /* MyPatternBrush.m in Sources */ = {isa = PBXBuildFile; fileRef = 75BCA8A6156F88CB00FC9981 /* MyPatternBrush.m */; };
		75BCA8AE156F88FB00FC9981 /* pattern2.jpg in Resources */ = {isa = PBXBuildFile; fileRef = 75BCA8AB156F88FB00FC9981 /* pattern2.jpg */; };
		75BCA8AF156F88FB00FC9981 /* pattern1.jpg in Resources */ = {isa = PBXBuildFile; fileRef = 75BCA8AC156F88FB00FC9981 /* pattern1.jpg */; };
		75BCA8B0156F88FB00FC9981 /* pattern.jpg in Resources */ = {isa = PBXBuildFile; fileRef = 75BCA8AD156F88FB00FC9981 /* pattern.jpg */; };
/* End PBXBuildFile section */

/* Begin PBXFileReference section */
		75BCA87F156F885500FC9981 /* TouchPaint.app */ = {isa = PBXFileReference; explicitFileType = wrapper.application; includeInIndex = 0; path = TouchPaint.app; sourceTree = BUILT_PRODUCTS_DIR; };
		75BCA883156F885500FC9981 /* UIKit.framework */ = {isa = PBXFileReference; lastKnownFileType = wrapper.framework; name = UIKit.framework; path = System/Library/Frameworks/UIKit.framework; sourceTree = SDKROOT; };
		75BCA885156F885500FC9981 /* Foundation.framework */ = {isa = PBXFileReference; lastKnownFileType = wrapper.framework; name = Foundation.framework; path = System/Library/Frameworks/Foundation.framework; sourceTree = SDKROOT; };
		75BCA887156F885500FC9981 /* CoreGraphics.framework */ = {isa = PBXFileReference; lastKnownFileType = wrapper.framework; name = CoreGraphics.framework; path = System/Library/Frameworks/CoreGraphics.framework; sourceTree = SDKROOT; };
		75BCA88B156F885500FC9981 /* TouchPaint-Info.plist */ = {isa = PBXFileReference; lastKnownFileType = text.plist.xml; path = "TouchPaint-Info.plist"; sourceTree = "<group>"; };
		75BCA88D156F885500FC9981 /* en */ = {isa = PBXFileReference; lastKnownFileType = text.plist.strings; name = en; path = en.lproj/InfoPlist.strings; sourceTree = "<group>"; };
		75BCA88F156F885500FC9981 /* main.m */ = {isa = PBXFileReference; lastKnownFileType = sourcecode.c.objc; path = main.m; sourceTree = "<group>"; };
		75BCA891156F885500FC9981 /* TouchPaint-Prefix.pch */ = {isa = PBXFileReference; lastKnownFileType = sourcecode.c.h; path = "TouchPaint-Prefix.pch"; sourceTree = "<group>"; };
		75BCA892156F885500FC9981 /* AppDelegate.h */ = {isa = PBXFileReference; lastKnownFileType = sourcecode.c.h; path = AppDelegate.h; sourceTree = "<group>"; };
		75BCA893156F885500FC9981 /* AppDelegate.m */ = {isa = PBXFileReference; lastKnownFileType = sourcecode.c.objc; path = AppDelegate.m; sourceTree = "<group>"; };
		75BCA8A0156F88CB00FC9981 /* DrawingController.h */ = {isa = PBXFileReference; fileEncoding = 4; lastKnownFileType = sourcecode.c.h; path = DrawingController.h; sourceTree = "<group>"; };
		75BCA8A1156F88CB00FC9981 /* DrawingController.m */ = {isa = PBXFileReference; fileEncoding = 4; lastKnownFileType = sourcecode.c.objc; path = DrawingController.m; sourceTree = "<group>"; };
		75BCA8A2156F88CB00FC9981 /* DrawingController.xib */ = {isa = PBXFileReference; fileEncoding = 4; lastKnownFileType = file.xib; path = DrawingController.xib; sourceTree = "<group>"; };
		75BCA8A3156F88CB00FC9981 /* MyLineDrawingView.h */ = {isa = PBXFileReference; fileEncoding = 4; lastKnownFileType = sourcecode.c.h; path = MyLineDrawingView.h; sourceTree = "<group>"; };
		75BCA8A4156F88CB00FC9981 /* MyLineDrawingView.m */ = {isa = PBXFileReference; fileEncoding = 4; lastKnownFileType = sourcecode.c.objc; path = MyLineDrawingView.m; sourceTree = "<group>"; };
		75BCA8A5156F88CB00FC9981 /* MyPatternBrush.h */ = {isa = PBXFileReference; fileEncoding = 4; lastKnownFileType = sourcecode.c.h; path = MyPatternBrush.h; sourceTree = "<group>"; };
		75BCA8A6156F88CB00FC9981 /* MyPatternBrush.m */ = {isa = PBXFileReference; fileEncoding = 4; lastKnownFileType = sourcecode.c.objc; path = MyPatternBrush.m; sourceTree = "<group>"; };
		75BCA8AB156F88FB00FC9981 /* pattern2.jpg */ = {isa = PBXFileReference; lastKnownFileType = image.jpeg; path = pattern2.jpg; sourceTree = "<group>"; };
		75BCA8AC156F88FB00FC9981 /* pattern1.jpg */ = {isa = PBXFileReference; lastKnownFileType = image.jpeg; path = pattern1.jpg; sourceTree = "<group>"; };
		75BCA8AD156F88FB00FC9981 /* pattern.jpg */ = {isa = PBXFileReference; lastKnownFileType = image.jpeg; path = pattern.jpg; sourceTree = "<group>"; };
/* End PBXFileReference section */

/* Begin PBXFrameworksBuildPhase section */
		75BCA87C156F885500FC9981 /* Frameworks */ = {
			isa = PBXFrameworksBuildPhase;
			buildActionMask = 2147483647;
			files = (
				75BCA884156F885500FC9981 /* UIKit.framework in Frameworks */,
				75BCA886156F885500FC9981 /* Foundation.framework in Frameworks */,
				75BCA888156F885500FC9981 /* CoreGraphics.framework in Frameworks */,
			);
			runOnlyForDeploymentPostprocessing = 0;
		};
/* End PBXFrameworksBuildPhase section */

/* Begin PBXGroup section */
		75BCA874156F885500FC9981 = {
			isa = PBXGroup;
			children = (
				75BCA889156F885500FC9981 /* TouchPaint */,
				75BCA882156F885500FC9981 /* Frameworks */,
				75BCA880156F885500FC9981 /* Products */,
			);
			sourceTree = "<group>";
		};
		75BCA880156F885500FC9981 /* Products */ = {
			isa = PBXGroup;
			children = (
				75BCA87F156F885500FC9981 /* TouchPaint.app */,
			);
			name = Products;
			sourceTree = "<group>";
		};
		75BCA882156F885500FC9981 /* Frameworks */ = {
			isa = PBXGroup;
			children = (
				75BCA883156F885500FC9981 /* UIKit.framework */,
				75BCA885156F885500FC9981 /* Foundation.framework */,
				75BCA887156F885500FC9981 /* CoreGraphics.framework */,
			);
			name = Frameworks;
			sourceTree = "<group>";
		};
		75BCA889156F885500FC9981 /* TouchPaint */ = {
			isa = PBXGroup;
			children = (
				75BCA892156F885500FC9981 /* AppDelegate.h */,
				75BCA893156F885500FC9981 /* AppDelegate.m */,
				75BCA8A0156F88CB00FC9981 /* DrawingController.h */,
				75BCA8A1156F88CB00FC9981 /* DrawingController.m */,
				75BCA8A2156F88CB00FC9981 /* DrawingController.xib */,
				75BCA88A156F885500FC9981 /* Supporting Files */,
				75BCA8A3156F88CB00FC9981 /* MyLineDrawingView.h */,
				75BCA8A4156F88CB00FC9981 /* MyLineDrawingView.m */,
				75BCA8A5156F88CB00FC9981 /* MyPatternBrush.h */,
				75BCA8A6156F88CB00FC9981 /* MyPatternBrush.m */,
			);
			path = TouchPaint;
			sourceTree = "<group>";
		};
		75BCA88A156F885500FC9981 /* Supporting Files */ = {
			isa = PBXGroup;
			children = (
				75BCA8AB156F88FB00FC9981 /* pattern2.jpg */,
				75BCA8AC156F88FB00FC9981 /* pattern1.jpg */,
				75BCA8AD156F88FB00FC9981 /* pattern.jpg */,
				75BCA88B156F885500FC9981 /* TouchPaint-Info.plist */,
				75BCA88C156F885500FC9981 /* InfoPlist.strings */,
				75BCA88F156F885500FC9981 /* main.m */,
				75BCA891156F885500FC9981 /* TouchPaint-Prefix.pch */,
			);
			name = "Supporting Files";
			sourceTree = "<group>";
		};
/* End PBXGroup section */

/* Begin PBXNativeTarget section */
		75BCA87E156F885500FC9981 /* TouchPaint */ = {
			isa = PBXNativeTarget;
			buildConfigurationList = 75BCA89D156F885600FC9981 /* Build configuration list for PBXNativeTarget "TouchPaint" */;
			buildPhases = (
				75BCA87B156F885500FC9981 /* Sources */,
				75BCA87C156F885500FC9981 /* Frameworks */,
				75BCA87D156F885500FC9981 /* Resources */,
			);
			buildRules = (
			);
			dependencies = (
			);
			name = TouchPaint;
			productName = TouchPaint;
			productReference = 75BCA87F156F885500FC9981 /* TouchPaint.app */;
			productType = "com.apple.product-type.application";
		};
/* End PBXNativeTarget section */

/* Begin PBXProject section */
		75BCA876156F885500FC9981 /* Project object */ = {
			isa = PBXProject;
			attributes = {
				LastUpgradeCheck = 0430;
			};
			buildConfigurationList = 75BCA879156F885500FC9981 /* Build configuration list for PBXProject "TouchPaint" */;
			compatibilityVersion = "Xcode 3.2";
			developmentRegion = English;
			hasScannedForEncodings = 0;
			knownRegions = (
				en,
			);
			mainGroup = 75BCA874156F885500FC9981;
			productRefGroup = 75BCA880156F885500FC9981 /* Products */;
			projectDirPath = "";
			projectRoot = "";
			targets = (
				75BCA87E156F885500FC9981 /* TouchPaint */,
			);
		};
/* End PBXProject section */

/* Begin PBXResourcesBuildPhase section */
		75BCA87D156F885500FC9981 /* Resources */ = {
			isa = PBXResourcesBuildPhase;
			buildActionMask = 2147483647;
			files = (
				75BCA88E156F885500FC9981 /* InfoPlist.strings in Resources */,
				75BCA8A8156F88CB00FC9981 /* DrawingController.xib in Resources */,
				75BCA8AE156F88FB00FC9981 /* pattern2.jpg in Resources */,
				75BCA8AF156F88FB00FC9981 /* pattern1.jpg in Resources */,
				75BCA8B0156F88FB00FC9981 /* pattern.jpg in Resources */,
			);
			runOnlyForDeploymentPostprocessing = 0;
		};
/* End PBXResourcesBuildPhase section */

/* Begin PBXSourcesBuildPhase section */
		75BCA87B156F885500FC9981 /* Sources */ = {
			isa = PBXSourcesBuildPhase;
			buildActionMask = 2147483647;
			files = (
				75BCA890156F885500FC9981 /* main.m in Sources */,
				75BCA894156F885500FC9981 /* AppDelegate.m in Sources */,
				75BCA8A7156F88CB00FC9981 /* DrawingController.m in Sources */,
				75BCA8A9156F88CB00FC9981 /* MyLineDrawingView.m in Sources */,
				75BCA8AA156F88CB00FC9981 /* MyPatternBrush.m in Sources */,
			);
			runOnlyForDeploymentPostprocessing = 0;
		};
/* End PBXSourcesBuildPhase section */

/* Begin PBXVariantGroup section */
		75BCA88C156F885500FC9981 /* InfoPlist.strings */ = {
			isa = PBXVariantGroup;
			children = (
				75BCA88D156F885500FC9981 /* en */,
			);
			name = InfoPlist.strings;
			sourceTree = "<group>";
		};
/* End PBXVariantGroup section */

/* Begin XCBuildConfiguration section */
		75BCA89B156F885500FC9981 /* Debug */ = {
			isa = XCBuildConfiguration;
			buildSettings = {
				ALWAYS_SEARCH_USER_PATHS = NO;
				ARCHS = "$(ARCHS_STANDARD_32_BIT)";
				"CODE_SIGN_IDENTITY[sdk=iphoneos*]" = "iPhone Developer";
				COPY_PHASE_STRIP = NO;
				GCC_C_LANGUAGE_STANDARD = gnu99;
				GCC_DYNAMIC_NO_PIC = NO;
				GCC_OPTIMIZATION_LEVEL = 0;
				GCC_PREPROCESSOR_DEFINITIONS = (
					"DEBUG=1",
					"$(inherited)",
				);
				GCC_SYMBOLS_PRIVATE_EXTERN = NO;
				GCC_VERSION = com.apple.compilers.llvm.clang.1_0;
				GCC_WARN_ABOUT_RETURN_TYPE = YES;
				GCC_WARN_UNINITIALIZED_AUTOS = YES;
				GCC_WARN_UNUSED_VARIABLE = YES;
				IPHONEOS_DEPLOYMENT_TARGET = 5.1;
				SDKROOT = iphoneos;
				TARGETED_DEVICE_FAMILY = 2;
			};
			name = Debug;
		};
		75BCA89C156F885600FC9981 /* Release */ = {
			isa = XCBuildConfiguration;
			buildSettings = {
				ALWAYS_SEARCH_USER_PATHS = NO;
				ARCHS = "$(ARCHS_STANDARD_32_BIT)";
				"CODE_SIGN_IDENTITY[sdk=iphoneos*]" = "iPhone Developer";
				COPY_PHASE_STRIP = YES;
				GCC_C_LANGUAGE_STANDARD = gnu99;
				GCC_VERSION = com.apple.compilers.llvm.clang.1_0;
				GCC_WARN_ABOUT_RETURN_TYPE = YES;
				GCC_WARN_UNINITIALIZED_AUTOS = YES;
				GCC_WARN_UNUSED_VARIABLE = YES;
				IPHONEOS_DEPLOYMENT_TARGET = 5.1;
				OTHER_CFLAGS = "-DNS_BLOCK_ASSERTIONS=1";
				SDKROOT = iphoneos;
				TARGETED_DEVICE_FAMILY = 2;
				VALIDATE_PRODUCT = YES;
			};
			name = Release;
		};
		75BCA89E156F885600FC9981 /* Debug */ = {
			isa = XCBuildConfiguration;
			buildSettings = {
				CLANG_ENABLE_OBJC_ARC = YES;
				GCC_PRECOMPILE_PREFIX_HEADER = YES;
				GCC_PREFIX_HEADER = "TouchPaint/TouchPaint-Prefix.pch";
				INFOPLIST_FILE = "TouchPaint/TouchPaint-Info.plist";
				PRODUCT_NAME = "$(TARGET_NAME)";
				WRAPPER_EXTENSION = app;
			};
			name = Debug;
		};
		75BCA89F156F885600FC9981 /* Release */ = {
			isa = XCBuildConfiguration;
			buildSettings = {
				CLANG_ENABLE_OBJC_ARC = YES;
				GCC_PRECOMPILE_PREFIX_HEADER = YES;
				GCC_PREFIX_HEADER = "TouchPaint/TouchPaint-Prefix.pch";
				INFOPLIST_FILE = "TouchPaint/TouchPaint-Info.plist";
				PRODUCT_NAME = "$(TARGET_NAME)";
				WRAPPER_EXTENSION = app;
			};
			name = Release;
		};
/* End XCBuildConfiguration section */

/* Begin XCConfigurationList section */
		75BCA879156F885500FC9981 /* Build configuration list for PBXProject "TouchPaint" */ = {
			isa = XCConfigurationList;
			buildConfigurations = (
				75BCA89B156F885500FC9981 /* Debug */,
				75BCA89C156F885600FC9981 /* Release */,
			);
			defaultConfigurationIsVisible = 0;
			defaultConfigurationName = Release;
		};
		75BCA89D156F885600FC9981 /* Build configuration list for PBXNativeTarget "TouchPaint" */ = {
			isa = XCConfigurationList;
			buildConfigurations = (
				75BCA89E156F885600FC9981 /* Debug */,
				75BCA89F156F885600FC9981 /* Release */,
			);
			defaultConfigurationIsVisible = 0;
		};
/* End XCConfigurationList section */
	};
	rootObject = 75BCA876156F885500FC9981 /* Project object */;
}
